<?xml version="1.0" encoding="utf-8"?>
<Project ToolsVersion="4.0" xmlns="http://schemas.microsoft.com/developer/msbuild/2003">
  <ItemGroup>
    <Filter Include="Source Files">
      <UniqueIdentifier>{e75a7c21-0162-43fc-9ee6-9a26b2d08b95}</UniqueIdentifier>
      <Extensions>cpp;c;cxx;rc;def;r;odl;idl;hpj;bat</Extensions>
    </Filter>
    <Filter Include="Header Files">
      <UniqueIdentifier>{10e8e488-834d-4702-8d7a-6a2ff13ddb8e}</UniqueIdentifier>
      <Extensions>h;hpp;hxx;hm;inl</Extensions>
    </Filter>
    <Filter Include="Resource Files">
      <UniqueIdentifier>{383c619b-aa2e-41a7-974c-7468258d9fe8}</UniqueIdentifier>
      <Extensions>ico;cur;bmp;dlg;rc2;rct;bin;rgs;gif;jpg;jpeg;jpe</Extensions>
    </Filter>
    <Filter Include="Docs">
      <UniqueIdentifier>{707ad68d-cbd3-4769-bd5c-4ddf3fc31ea1}</UniqueIdentifier>
    </Filter>
  </ItemGroup>
  <ItemGroup>
    <ClCompile Include="AboutBox.cpp">
      <Filter>Source Files</Filter>
    </ClCompile>
    <ClCompile Include="Editor.cpp">
      <Filter>Source Files</Filter>
    </ClCompile>
    <ClCompile Include="FlurryCluster.cpp">
      <Filter>Source Files</Filter>
    </ClCompile>
    <ClCompile Include="FlurryGroup.cpp">
      <Filter>Source Files</Filter>
    </ClCompile>
    <ClCompile Include="FlurryPreset.cpp">
      <Filter>Source Files</Filter>
    </ClCompile>
    <ClCompile Include="FlurrySettings.cpp">
      <Filter>Source Files</Filter>
    </ClCompile>
    <ClCompile Include="ScreenSaver.cpp">
      <Filter>Source Files</Filter>
    </ClCompile>
    <ClCompile Include="TimeSupport.cpp">
      <Filter>Source Files</Filter>
    </ClCompile>
  </ItemGroup>
  <ItemGroup>
    <ClInclude Include="AboutBox.h">
      <Filter>Header Files</Filter>
    </ClInclude>
    <ClInclude Include="Editor.h">
      <Filter>Header Files</Filter>
    </ClInclude>
    <ClInclude Include="FlurryCluster.h">
      <Filter>Header Files</Filter>
    </ClInclude>
    <ClInclude Include="FlurryGroup.h">
      <Filter>Header Files</Filter>
    </ClInclude>
    <ClInclude Include="FlurryPreset.h">
      <Filter>Header Files</Filter>
    </ClInclude>
    <ClInclude Include="FlurrySettings.h">
      <Filter>Header Files</Filter>
    </ClInclude>
    <ClInclude Include="ScreenSaver.h">
      <Filter>Header Files</Filter>
    </ClInclude>
    <ClInclude Include="TimeSupport.h">
      <Filter>Header Files</Filter>
    </ClInclude>
    <ClInclude Include="resource.h">
      <Filter>Resource Files</Filter>
    </ClInclude>
    <ClInclude Include="VersionNo.h">
      <Filter>Header Files</Filter>
    </ClInclude>
  </ItemGroup>
  <ItemGroup>
    <None Include="ScreenSaver.def">
      <Filter>Header Files</Filter>
    </None>
  </ItemGroup>
  <ItemGroup>
    <Image Include="About.bmp">
      <Filter>Resource Files</Filter>
    </Image>
    <Image Include="flurry.ico">
      <Filter>Resource Files</Filter>
    </Image>
  </ItemGroup>
  <ItemGroup>
    <ResourceCompile Include="flurry.rc">
      <Filter>Resource Files</Filter>
    </ResourceCompile>
  </ItemGroup>
  <ItemGroup>
    <Text Include="..\..\Doc\Description.txt">
      <Filter>Docs</Filter>
    </Text>
    <Text Include="..\..\Doc\ReadMe.txt">
      <Filter>Docs</Filter>
    </Text>
  </ItemGroup>
</Project>